{
  "name": "example-mflow",
  "version": "3.0.0",
  "lockfileVersion": 3,
  "requires": true,
  "packages": {
    "": {
      "name": "example-mflow",
      "version": "3.0.0",
      "dependencies": {
        "dzkcc-mflow": "^0.0.1"
      }
    },
    "node_modules/dzkcc-mflow": {
      "version": "0.0.1",
      "resolved": "https://registry.npmjs.org/dzkcc-mflow/-/dzkcc-mflow-0.0.1.tgz",
      "integrity": "sha512-U7K3BML9RgU2qwyEb1qkvL1Up8BeuQPQbgfCyQQGAI/V5YwhFauJk3ws1oZsWsMoFUOOVK/boqGTV4NDn+wa0Q==",
      "hasInstallScript": true,
      "dependencies": {
        "reflect-metadata": "^0.2.2"
      }
    },
    "node_modules/reflect-metadata": {
      "version": "0.2.2",
      "license": "Apache-2.0"
    }
  }
}
