{
  "name": "example-mflow",
  "version": "3.0.0",
  "lockfileVersion": 3,
  "requires": true,
  "packages": {
    "": {
      "name": "example-mflow",
      "version": "3.0.0",
      "dependencies": {
        "dzkcc-mflow": "^0.0.42"
      }
    },
    "node_modules/dzkcc-mflow": {
      "version": "0.0.42",
      "resolved": "https://registry.npmjs.org/dzkcc-mflow/-/dzkcc-mflow-0.0.42.tgz",
      "integrity": "sha512-DINKQhJzAPrvt2pOUm7Bik1GdpUEQQOyrxJ5f0NSwu1HAfB5yfAbNJK7MDKbYqWYi+FZU+qyNA3nXlP9Hmf0JQ==",
      "hasInstallScript": true
    }
  }
}
